
Microsoft Visual Studio Solution File, Format Version 12.00
# Visual Studio Version 17
VisualStudioVersion = 17.5.002.0
MinimumVisualStudioVersion = 10.0.40219.1
Project("{9A19103F-16F7-4668-BE54-9A1E7A4F7556}") = "TextChanger", "TextChanger.csproj", "{61332F2F-E7B2-4092-97BC-3C947A3C9E29}"
EndProject
Global
	GlobalSection(SolutionConfigurationPlatforms) = preSolution
		Debug|Any CPU = Debug|Any CPU
		Release|Any CPU = Release|Any CPU
	EndGlobalSection
	GlobalSection(ProjectConfigurationPlatforms) = postSolution
		{61332F2F-E7B2-4092-97BC-3C947A3C9E29}.Debug|Any CPU.ActiveCfg = Debug|Any CPU
		{61332F2F-E7B2-4092-97BC-3C947A3C9E29}.Debug|Any CPU.Build.0 = Debug|Any CPU
		{61332F2F-E7B2-4092-97BC-3C947A3C9E29}.Release|Any CPU.ActiveCfg = Release|Any CPU
		{61332F2F-E7B2-4092-97BC-3C947A3C9E29}.Release|Any CPU.Build.0 = Release|Any CPU
	EndGlobalSection
	GlobalSection(SolutionProperties) = preSolution
		HideSolutionNode = FALSE
	EndGlobalSection
	GlobalSection(ExtensibilityGlobals) = postSolution
		SolutionGuid = {3F13E62F-AE1F-435B-B1DB-05F3F8A22B83}
	EndGlobalSection
EndGlobal
